<Solution>
  <Configurations>
    <Platform Name="Any CPU" />
    <Platform Name="x64" />
  </Configurations>
  <Folder Name="/framework/">
    <Project Path="../GCModeller/src/runtime/sciBASIC#/Data/DataFrame/dataframework-netcore5.vbproj">
      <Platform Solution="*|x64" Project="x64" />
    </Project>
    <Project Path="../GCModeller/src/runtime/sciBASIC#/Data_science/Visualization/DataPlot/DataPlot.vbproj">
      <Platform Solution="*|x64" Project="x64" />
    </Project>
    <Project Path="../GCModeller/src/runtime/sciBASIC#/Microsoft.VisualBasic.Core/src/Core.vbproj">
      <Platform Solution="*|x64" Project="x64" />
    </Project>
    <Project Path="../GCModeller/src/runtime/sciBASIC#/vs_solutions/dev/VisualStudio/VisualStudio.NET5.vbproj">
      <Platform Solution="*|x64" Project="x64" />
    </Project>
    <Project Path="../pixelArtist/src/Snake2/Snake2.vbproj">
      <Platform Solution="*|x64" Project="x64" />
    </Project>
  </Folder>
  <Folder Name="/framework/DirectX/">
    <Project Path="../Microsoft.VisualBasic.Drawing/src/DXApi/DXApi.vbproj">
      <Platform Solution="*|x64" Project="x64" />
    </Project>
    <Project Path="../Microsoft.VisualBasic.Drawing/src/DxCanvas/DxCanvas.vbproj">
      <Platform Solution="*|x64" Project="x64" />
    </Project>
  </Folder>
  <Folder Name="/framework/Graphics/">
    <Project Path="../GCModeller/src/runtime/sciBASIC#/gr/Microsoft.VisualBasic.Imaging/imaging.NET5.vbproj">
      <Platform Solution="*|x64" Project="x64" />
    </Project>
    <Project Path="../GCModeller/src/runtime/sciBASIC#/mime/text%html/html_netcore5.vbproj">
      <Platform Solution="*|x64" Project="x64" />
    </Project>
  </Folder>
  <Folder Name="/framework/SNN/">
    <Project Path="../GCModeller/src/runtime/sciBASIC#/cuda/ILCuda/ILCuda.vbproj">
      <Platform Solution="*|x64" Project="x64" />
    </Project>
    <Project Path="../GCModeller/src/runtime/sciBASIC#/cuda/ILCudaTensor/ILCudaTensor.vbproj">
      <Platform Solution="*|x64" Project="x64" />
    </Project>
    <Project Path="../GCModeller/src/runtime/sciBASIC#/Data_science/DataMining/DataMining/DataMining.NET5.vbproj">
      <Platform Solution="*|x64" Project="x64" />
    </Project>
    <Project Path="../GCModeller/src/runtime/sciBASIC#/Data_science/MachineLearning/MachineLearning/machine_learning-netcore5.vbproj">
      <Platform Solution="*|x64" Project="x64" />
    </Project>
    <Project Path="../GCModeller/src/runtime/sciBASIC#/Data_science/MachineLearning/SNN/SNN.vbproj">
      <Platform Solution="*|x64" Project="x64" />
    </Project>
    <Project Path="../GCModeller/src/runtime/sciBASIC#/Data_science/MachineLearning/TensorFlow/TensorFlow.vbproj">
      <Platform Solution="*|x64" Project="x64" />
    </Project>
    <Project Path="../GCModeller/src/runtime/sciBASIC#/Data_science/Mathematica/Math/Math/Math.NET5.vbproj">
      <Platform Solution="*|x64" Project="x64" />
    </Project>
  </Folder>
  <Project Path="src/FlywireAI/FlywireAI.vbproj">
    <Platform Solution="*|x64" Project="x64" />
  </Project>
  <Project Path="src/FlywireSnake/FlywireSnake.vbproj" Id="41e51db6-3c63-41f9-9512-7337f80ebd0c" />
  <Project Path="src/Neuropils/Neuropils.vbproj" Id="1fa55757-7557-4e31-8af0-8d255a9a36e7">
    <Platform Solution="*|x64" Project="x64" />
  </Project>
  <Project Path="src/test/test.vbproj" Id="93e22e24-8bc5-4eff-9fa0-5545817bb042">
    <Platform Solution="*|x64" Project="x64" />
  </Project>
</Solution>
